// !$*UTF8*$!
{
	archiveVersion = 1;
	classes = {
	};
	objectVersion = 46;
	objects = {

/* Begin PBXBuildFile section */
		1885DEE21AA20DA6005AE98A /* Communication.m in Sources */ = {isa = PBXBuildFile; fileRef = 1885DEE11AA20DA6005AE98A /* Communication.m */; };
		562A9CEA1AA17D7800BDEBA6 /* main.m in Sources */ = {isa = PBXBuildFile; fileRef = 562A9CE91AA17D7800BDEBA6 /* main.m */; };
		562A9CED1AA17D7800BDEBA6 /* AppDelegate.m in Sources */ = {isa = PBXBuildFile; fileRef = 562A9CEC1AA17D7800BDEBA6 /* AppDelegate.m */; };
		562A9CF01AA17D7800BDEBA6 /* ViewController.m in Sources */ = {isa = PBXBuildFile; fileRef = 562A9CEF1AA17D7800BDEBA6 /* ViewController.m */; };
		562A9CF31AA17D7800BDEBA6 /* Main.storyboard in Resources */ = {isa = PBXBuildFile; fileRef = 562A9CF11AA17D7800BDEBA6 /* Main.storyboard */; };
		562A9CF51AA17D7800BDEBA6 /* Images.xcassets in Resources */ = {isa = PBXBuildFile; fileRef = 562A9CF41AA17D7800BDEBA6 /* Images.xcassets */; };
		562A9CF81AA17D7800BDEBA6 /* LaunchScreen.xib in Resources */ = {isa = PBXBuildFile; fileRef = 562A9CF61AA17D7800BDEBA6 /* LaunchScreen.xib */; };
		562A9D041AA17D7900BDEBA6 /* journeyTests.m in Sources */ = {isa = PBXBuildFile; fileRef = 562A9D031AA17D7900BDEBA6 /* journeyTests.m */; };
		A40F49841AA17F2900D96183 /* Bolts.framework in Frameworks */ = {isa = PBXBuildFile; fileRef = A40F497F1AA17F2900D96183 /* Bolts.framework */; };
		A40F49851AA17F2900D96183 /* Parse.framework in Frameworks */ = {isa = PBXBuildFile; fileRef = A40F49801AA17F2900D96183 /* Parse.framework */; };
		A40F49861AA17F2900D96183 /* ParseCrashReporting.framework in Frameworks */ = {isa = PBXBuildFile; fileRef = A40F49811AA17F2900D96183 /* ParseCrashReporting.framework */; };
		A40F49871AA17F2900D96183 /* ParseFacebookUtils.framework in Frameworks */ = {isa = PBXBuildFile; fileRef = A40F49821AA17F2900D96183 /* ParseFacebookUtils.framework */; };
		A40F49881AA17F2900D96183 /* ParseUI.framework in Frameworks */ = {isa = PBXBuildFile; fileRef = A40F49831AA17F2900D96183 /* ParseUI.framework */; };
		A40F498C1AA17F8200D96183 /* CFNetwork.framework in Frameworks */ = {isa = PBXBuildFile; fileRef = A40F498B1AA17F8200D96183 /* CFNetwork.framework */; };
		A40F49951AA17FD300D96183 /* CoreGraphics.framework in Frameworks */ = {isa = PBXBuildFile; fileRef = A40F498D1AA17F8900D96183 /* CoreGraphics.framework */; };
		A40F49961AA17FD500D96183 /* CoreLocation.framework in Frameworks */ = {isa = PBXBuildFile; fileRef = A40F498F1AA17F9000D96183 /* CoreLocation.framework */; };
		A40F49971AA17FD700D96183 /* MobileCoreServices.framework in Frameworks */ = {isa = PBXBuildFile; fileRef = A40F49911AA17F9700D96183 /* MobileCoreServices.framework */; };
		A40F49981AA17FD800D96183 /* QuartzCore.framework in Frameworks */ = {isa = PBXBuildFile; fileRef = A40F49931AA17F9D00D96183 /* QuartzCore.framework */; };
		A40F499B1AA1800100D96183 /* AudioToolbox.framework in Frameworks */ = {isa = PBXBuildFile; fileRef = A40F49891AA17F7B00D96183 /* AudioToolbox.framework */; };
		A40F499C1AA1800500D96183 /* Security.framework in Frameworks */ = {isa = PBXBuildFile; fileRef = A40F49991AA17FED00D96183 /* Security.framework */; };
		A40F499E1AA1802200D96183 /* StoreKit.framework in Frameworks */ = {isa = PBXBuildFile; fileRef = A40F499D1AA1802200D96183 /* StoreKit.framework */; };
		A40F49A01AA1802900D96183 /* SystemConfiguration.framework in Frameworks */ = {isa = PBXBuildFile; fileRef = A40F499F1AA1802900D96183 /* SystemConfiguration.framework */; };
		A40F49A21AA1803000D96183 /* libz.dylib in Frameworks */ = {isa = PBXBuildFile; fileRef = A40F49A11AA1803000D96183 /* libz.dylib */; };
		A40F49A41AA1803700D96183 /* libsqlite3.dylib in Frameworks */ = {isa = PBXBuildFile; fileRef = A40F49A31AA1803700D96183 /* libsqlite3.dylib */; };
		A40F49A61AA1821700D96183 /* FacebookSDK.framework in Frameworks */ = {isa = PBXBuildFile; fileRef = A40F49A51AA1821700D96183 /* FacebookSDK.framework */; };
		A4B3A93A1AA187C20068CDE0 /* LoginViewController.m in Sources */ = {isa = PBXBuildFile; fileRef = A4B3A9391AA187C20068CDE0 /* LoginViewController.m */; };
/* End PBXBuildFile section */

/* Begin PBXContainerItemProxy section */
		562A9CFE1AA17D7900BDEBA6 /* PBXContainerItemProxy */ = {
			isa = PBXContainerItemProxy;
			containerPortal = 562A9CDC1AA17D7800BDEBA6 /* Project object */;
			proxyType = 1;
			remoteGlobalIDString = 562A9CE31AA17D7800BDEBA6;
			remoteInfo = journey;
		};
/* End PBXContainerItemProxy section */

/* Begin PBXFileReference section */
		1885DEE11AA20DA6005AE98A /* Communication.m */ = {isa = PBXFileReference; fileEncoding = 4; lastKnownFileType = sourcecode.c.objc; path = Communication.m; sourceTree = "<group>"; };
		1885DEE31AA20DB6005AE98A /* Communication.h */ = {isa = PBXFileReference; lastKnownFileType = sourcecode.c.h; path = Communication.h; sourceTree = "<group>"; };
		562A9CE41AA17D7800BDEBA6 /* journey.app */ = {isa = PBXFileReference; explicitFileType = wrapper.application; includeInIndex = 0; path = journey.app; sourceTree = BUILT_PRODUCTS_DIR; };
		562A9CE81AA17D7800BDEBA6 /* Info.plist */ = {isa = PBXFileReference; lastKnownFileType = text.plist.xml; path = Info.plist; sourceTree = "<group>"; };
		562A9CE91AA17D7800BDEBA6 /* main.m */ = {isa = PBXFileReference; lastKnownFileType = sourcecode.c.objc; path = main.m; sourceTree = "<group>"; };
		562A9CEB1AA17D7800BDEBA6 /* AppDelegate.h */ = {isa = PBXFileReference; lastKnownFileType = sourcecode.c.h; path = AppDelegate.h; sourceTree = "<group>"; };
		562A9CEC1AA17D7800BDEBA6 /* AppDelegate.m */ = {isa = PBXFileReference; lastKnownFileType = sourcecode.c.objc; path = AppDelegate.m; sourceTree = "<group>"; };
		562A9CEE1AA17D7800BDEBA6 /* ViewController.h */ = {isa = PBXFileReference; lastKnownFileType = sourcecode.c.h; path = ViewController.h; sourceTree = "<group>"; };
		562A9CEF1AA17D7800BDEBA6 /* ViewController.m */ = {isa = PBXFileReference; lastKnownFileType = sourcecode.c.objc; path = ViewController.m; sourceTree = "<group>"; };
		562A9CF21AA17D7800BDEBA6 /* Base */ = {isa = PBXFileReference; lastKnownFileType = file.storyboard; name = Base; path = Base.lproj/Main.storyboard; sourceTree = "<group>"; };
		562A9CF41AA17D7800BDEBA6 /* Images.xcassets */ = {isa = PBXFileReference; lastKnownFileType = folder.assetcatalog; path = Images.xcassets; sourceTree = "<group>"; };
		562A9CF71AA17D7800BDEBA6 /* Base */ = {isa = PBXFileReference; lastKnownFileType = file.xib; name = Base; path = Base.lproj/LaunchScreen.xib; sourceTree = "<group>"; };
		562A9CFD1AA17D7900BDEBA6 /* journeyTests.xctest */ = {isa = PBXFileReference; explicitFileType = wrapper.cfbundle; includeInIndex = 0; path = journeyTests.xctest; sourceTree = BUILT_PRODUCTS_DIR; };
		562A9D021AA17D7900BDEBA6 /* Info.plist */ = {isa = PBXFileReference; lastKnownFileType = text.plist.xml; path = Info.plist; sourceTree = "<group>"; };
		562A9D031AA17D7900BDEBA6 /* journeyTests.m */ = {isa = PBXFileReference; lastKnownFileType = sourcecode.c.objc; path = journeyTests.m; sourceTree = "<group>"; };
		A40F497F1AA17F2900D96183 /* Bolts.framework */ = {isa = PBXFileReference; lastKnownFileType = wrapper.framework; path = Bolts.framework; sourceTree = "<group>"; };
		A40F49801AA17F2900D96183 /* Parse.framework */ = {isa = PBXFileReference; lastKnownFileType = wrapper.framework; path = Parse.framework; sourceTree = "<group>"; };
		A40F49811AA17F2900D96183 /* ParseCrashReporting.framework */ = {isa = PBXFileReference; lastKnownFileType = wrapper.framework; path = ParseCrashReporting.framework; sourceTree = "<group>"; };
		A40F49821AA17F2900D96183 /* ParseFacebookUtils.framework */ = {isa = PBXFileReference; lastKnownFileType = wrapper.framework; path = ParseFacebookUtils.framework; sourceTree = "<group>"; };
		A40F49831AA17F2900D96183 /* ParseUI.framework */ = {isa = PBXFileReference; lastKnownFileType = wrapper.framework; path = ParseUI.framework; sourceTree = "<group>"; };
		A40F49891AA17F7B00D96183 /* AudioToolbox.framework */ = {isa = PBXFileReference; lastKnownFileType = wrapper.framework; name = AudioToolbox.framework; path = System/Library/Frameworks/AudioToolbox.framework; sourceTree = SDKROOT; };
		A40F498B1AA17F8200D96183 /* CFNetwork.framework */ = {isa = PBXFileReference; lastKnownFileType = wrapper.framework; name = CFNetwork.framework; path = System/Library/Frameworks/CFNetwork.framework; sourceTree = SDKROOT; };
		A40F498D1AA17F8900D96183 /* CoreGraphics.framework */ = {isa = PBXFileReference; lastKnownFileType = wrapper.framework; name = CoreGraphics.framework; path = System/Library/Frameworks/CoreGraphics.framework; sourceTree = SDKROOT; };
		A40F498F1AA17F9000D96183 /* CoreLocation.framework */ = {isa = PBXFileReference; lastKnownFileType = wrapper.framework; name = CoreLocation.framework; path = System/Library/Frameworks/CoreLocation.framework; sourceTree = SDKROOT; };
		A40F49911AA17F9700D96183 /* MobileCoreServices.framework */ = {isa = PBXFileReference; lastKnownFileType = wrapper.framework; name = MobileCoreServices.framework; path = System/Library/Frameworks/MobileCoreServices.framework; sourceTree = SDKROOT; };
		A40F49931AA17F9D00D96183 /* QuartzCore.framework */ = {isa = PBXFileReference; lastKnownFileType = wrapper.framework; name = QuartzCore.framework; path = System/Library/Frameworks/QuartzCore.framework; sourceTree = SDKROOT; };
		A40F49991AA17FED00D96183 /* Security.framework */ = {isa = PBXFileReference; lastKnownFileType = wrapper.framework; name = Security.framework; path = System/Library/Frameworks/Security.framework; sourceTree = SDKROOT; };
		A40F499D1AA1802200D96183 /* StoreKit.framework */ = {isa = PBXFileReference; lastKnownFileType = wrapper.framework; name = StoreKit.framework; path = System/Library/Frameworks/StoreKit.framework; sourceTree = SDKROOT; };
		A40F499F1AA1802900D96183 /* SystemConfiguration.framework */ = {isa = PBXFileReference; lastKnownFileType = wrapper.framework; name = SystemConfiguration.framework; path = System/Library/Frameworks/SystemConfiguration.framework; sourceTree = SDKROOT; };
		A40F49A11AA1803000D96183 /* libz.dylib */ = {isa = PBXFileReference; lastKnownFileType = "compiled.mach-o.dylib"; name = libz.dylib; path = usr/lib/libz.dylib; sourceTree = SDKROOT; };
		A40F49A31AA1803700D96183 /* libsqlite3.dylib */ = {isa = PBXFileReference; lastKnownFileType = "compiled.mach-o.dylib"; name = libsqlite3.dylib; path = usr/lib/libsqlite3.dylib; sourceTree = SDKROOT; };
		A40F49A51AA1821700D96183 /* FacebookSDK.framework */ = {isa = PBXFileReference; lastKnownFileType = wrapper.framework; path = FacebookSDK.framework; sourceTree = "<group>"; };
		A4B3A9381AA187C20068CDE0 /* LoginViewController.h */ = {isa = PBXFileReference; fileEncoding = 4; lastKnownFileType = sourcecode.c.h; path = LoginViewController.h; sourceTree = "<group>"; };
		A4B3A9391AA187C20068CDE0 /* LoginViewController.m */ = {isa = PBXFileReference; fileEncoding = 4; lastKnownFileType = sourcecode.c.objc; path = LoginViewController.m; sourceTree = "<group>"; };
/* End PBXFileReference section */

/* Begin PBXFrameworksBuildPhase section */
		562A9CE11AA17D7800BDEBA6 /* Frameworks */ = {
			isa = PBXFrameworksBuildPhase;
			buildActionMask = 2147483647;
			files = (
				A40F49A41AA1803700D96183 /* libsqlite3.dylib in Frameworks */,
				A40F49A21AA1803000D96183 /* libz.dylib in Frameworks */,
				A40F49A01AA1802900D96183 /* SystemConfiguration.framework in Frameworks */,
				A40F499E1AA1802200D96183 /* StoreKit.framework in Frameworks */,
				A40F49981AA17FD800D96183 /* QuartzCore.framework in Frameworks */,
				A40F499B1AA1800100D96183 /* AudioToolbox.framework in Frameworks */,
				A40F49851AA17F2900D96183 /* Parse.framework in Frameworks */,
				A40F49841AA17F2900D96183 /* Bolts.framework in Frameworks */,
				A40F49A61AA1821700D96183 /* FacebookSDK.framework in Frameworks */,
				A40F499C1AA1800500D96183 /* Security.framework in Frameworks */,
				A40F49971AA17FD700D96183 /* MobileCoreServices.framework in Frameworks */,
				A40F49961AA17FD500D96183 /* CoreLocation.framework in Frameworks */,
				A40F49951AA17FD300D96183 /* CoreGraphics.framework in Frameworks */,
				A40F498C1AA17F8200D96183 /* CFNetwork.framework in Frameworks */,
				A40F49861AA17F2900D96183 /* ParseCrashReporting.framework in Frameworks */,
				A40F49881AA17F2900D96183 /* ParseUI.framework in Frameworks */,
				A40F49871AA17F2900D96183 /* ParseFacebookUtils.framework in Frameworks */,
			);
			runOnlyForDeploymentPostprocessing = 0;
		};
		562A9CFA1AA17D7900BDEBA6 /* Frameworks */ = {
			isa = PBXFrameworksBuildPhase;
			buildActionMask = 2147483647;
			files = (
			);
			runOnlyForDeploymentPostprocessing = 0;
		};
/* End PBXFrameworksBuildPhase section */

/* Begin PBXGroup section */
		562A9CDB1AA17D7800BDEBA6 = {
			isa = PBXGroup;
			children = (
				562A9CE61AA17D7800BDEBA6 /* journey */,
				562A9D001AA17D7900BDEBA6 /* journeyTests */,
				562A9CE51AA17D7800BDEBA6 /* Products */,
				A40F497E1AA17F2900D96183 /* parse-library-1.6.3 */,
			);
			sourceTree = "<group>";
		};
		562A9CE51AA17D7800BDEBA6 /* Products */ = {
			isa = PBXGroup;
			children = (
				562A9CE41AA17D7800BDEBA6 /* journey.app */,
				562A9CFD1AA17D7900BDEBA6 /* journeyTests.xctest */,
			);
			name = Products;
			sourceTree = "<group>";
		};
		562A9CE61AA17D7800BDEBA6 /* journey */ = {
			isa = PBXGroup;
			children = (
				562A9CEB1AA17D7800BDEBA6 /* AppDelegate.h */,
				562A9CEC1AA17D7800BDEBA6 /* AppDelegate.m */,
				A4B3A9381AA187C20068CDE0 /* LoginViewController.h */,
				A4B3A9391AA187C20068CDE0 /* LoginViewController.m */,
				562A9CEE1AA17D7800BDEBA6 /* ViewController.h */,
				562A9CEF1AA17D7800BDEBA6 /* ViewController.m */,
				562A9CF11AA17D7800BDEBA6 /* Main.storyboard */,
				562A9CF41AA17D7800BDEBA6 /* Images.xcassets */,
				562A9CF61AA17D7800BDEBA6 /* LaunchScreen.xib */,
				562A9CE71AA17D7800BDEBA6 /* Supporting Files */,
				1885DEE11AA20DA6005AE98A /* Communication.m */,
				1885DEE31AA20DB6005AE98A /* Communication.h */,
			);
			path = journey;
			sourceTree = "<group>";
		};
		562A9CE71AA17D7800BDEBA6 /* Supporting Files */ = {
			isa = PBXGroup;
			children = (
				562A9CE81AA17D7800BDEBA6 /* Info.plist */,
				562A9CE91AA17D7800BDEBA6 /* main.m */,
			);
			name = "Supporting Files";
			sourceTree = "<group>";
		};
		562A9D001AA17D7900BDEBA6 /* journeyTests */ = {
			isa = PBXGroup;
			children = (
				562A9D031AA17D7900BDEBA6 /* journeyTests.m */,
				562A9D011AA17D7900BDEBA6 /* Supporting Files */,
			);
			path = journeyTests;
			sourceTree = "<group>";
		};
		562A9D011AA17D7900BDEBA6 /* Supporting Files */ = {
			isa = PBXGroup;
			children = (
				562A9D021AA17D7900BDEBA6 /* Info.plist */,
			);
			name = "Supporting Files";
			sourceTree = "<group>";
		};
		A40F497E1AA17F2900D96183 /* parse-library-1.6.3 */ = {
			isa = PBXGroup;
			children = (
				A40F49A51AA1821700D96183 /* FacebookSDK.framework */,
				A40F499D1AA1802200D96183 /* StoreKit.framework */,
				A40F499F1AA1802900D96183 /* SystemConfiguration.framework */,
				A40F49891AA17F7B00D96183 /* AudioToolbox.framework */,
				A40F49991AA17FED00D96183 /* Security.framework */,
				A40F498B1AA17F8200D96183 /* CFNetwork.framework */,
				A40F498D1AA17F8900D96183 /* CoreGraphics.framework */,
				A40F498F1AA17F9000D96183 /* CoreLocation.framework */,
				A40F49911AA17F9700D96183 /* MobileCoreServices.framework */,
				A40F49931AA17F9D00D96183 /* QuartzCore.framework */,
				A40F497F1AA17F2900D96183 /* Bolts.framework */,
				A40F49801AA17F2900D96183 /* Parse.framework */,
				A40F49811AA17F2900D96183 /* ParseCrashReporting.framework */,
				A40F49821AA17F2900D96183 /* ParseFacebookUtils.framework */,
				A40F49831AA17F2900D96183 /* ParseUI.framework */,
				A40F49A31AA1803700D96183 /* libsqlite3.dylib */,
				A40F49A11AA1803000D96183 /* libz.dylib */,
			);
			path = "parse-library-1.6.3";
			sourceTree = "<group>";
		};
/* End PBXGroup section */

/* Begin PBXNativeTarget section */
		562A9CE31AA17D7800BDEBA6 /* journey */ = {
			isa = PBXNativeTarget;
			buildConfigurationList = 562A9D071AA17D7900BDEBA6 /* Build configuration list for PBXNativeTarget "journey" */;
			buildPhases = (
				562A9CE01AA17D7800BDEBA6 /* Sources */,
				562A9CE11AA17D7800BDEBA6 /* Frameworks */,
				562A9CE21AA17D7800BDEBA6 /* Resources */,
			);
			buildRules = (
			);
			dependencies = (
			);
			name = journey;
			productName = journey;
			productReference = 562A9CE41AA17D7800BDEBA6 /* journey.app */;
			productType = "com.apple.product-type.application";
		};
		562A9CFC1AA17D7900BDEBA6 /* journeyTests */ = {
			isa = PBXNativeTarget;
			buildConfigurationList = 562A9D0A1AA17D7900BDEBA6 /* Build configuration list for PBXNativeTarget "journeyTests" */;
			buildPhases = (
				562A9CF91AA17D7900BDEBA6 /* Sources */,
				562A9CFA1AA17D7900BDEBA6 /* Frameworks */,
				562A9CFB1AA17D7900BDEBA6 /* Resources */,
			);
			buildRules = (
			);
			dependencies = (
				562A9CFF1AA17D7900BDEBA6 /* PBXTargetDependency */,
			);
			name = journeyTests;
			productName = journeyTests;
			productReference = 562A9CFD1AA17D7900BDEBA6 /* journeyTests.xctest */;
			productType = "com.apple.product-type.bundle.unit-test";
		};
/* End PBXNativeTarget section */

/* Begin PBXProject section */
		562A9CDC1AA17D7800BDEBA6 /* Project object */ = {
			isa = PBXProject;
			attributes = {
				LastUpgradeCheck = 0610;
				ORGANIZATIONNAME = charles;
				TargetAttributes = {
					562A9CE31AA17D7800BDEBA6 = {
						CreatedOnToolsVersion = 6.1.1;
					};
					562A9CFC1AA17D7900BDEBA6 = {
						CreatedOnToolsVersion = 6.1.1;
						TestTargetID = 562A9CE31AA17D7800BDEBA6;
					};
				};
			};
			buildConfigurationList = 562A9CDF1AA17D7800BDEBA6 /* Build configuration list for PBXProject "journey" */;
			compatibilityVersion = "Xcode 3.2";
			developmentRegion = English;
			hasScannedForEncodings = 0;
			knownRegions = (
				en,
				Base,
			);
			mainGroup = 562A9CDB1AA17D7800BDEBA6;
			productRefGroup = 562A9CE51AA17D7800BDEBA6 /* Products */;
			projectDirPath = "";
			projectRoot = "";
			targets = (
				562A9CE31AA17D7800BDEBA6 /* journey */,
				562A9CFC1AA17D7900BDEBA6 /* journeyTests */,
			);
		};
/* End PBXProject section */

/* Begin PBXResourcesBuildPhase section */
		562A9CE21AA17D7800BDEBA6 /* Resources */ = {
			isa = PBXResourcesBuildPhase;
			buildActionMask = 2147483647;
			files = (
				562A9CF31AA17D7800BDEBA6 /* Main.storyboard in Resources */,
				562A9CF81AA17D7800BDEBA6 /* LaunchScreen.xib in Resources */,
				562A9CF51AA17D7800BDEBA6 /* Images.xcassets in Resources */,
			);
			runOnlyForDeploymentPostprocessing = 0;
		};
		562A9CFB1AA17D7900BDEBA6 /* Resources */ = {
			isa = PBXResourcesBuildPhase;
			buildActionMask = 2147483647;
			files = (
			);
			runOnlyForDeploymentPostprocessing = 0;
		};
/* End PBXResourcesBuildPhase section */

/* Begin PBXSourcesBuildPhase section */
		562A9CE01AA17D7800BDEBA6 /* Sources */ = {
			isa = PBXSourcesBuildPhase;
			buildActionMask = 2147483647;
			files = (
				A4B3A93A1AA187C20068CDE0 /* LoginViewController.m in Sources */,
				1885DEE21AA20DA6005AE98A /* Communication.m in Sources */,
				562A9CF01AA17D7800BDEBA6 /* ViewController.m in Sources */,
				562A9CED1AA17D7800BDEBA6 /* AppDelegate.m in Sources */,
				562A9CEA1AA17D7800BDEBA6 /* main.m in Sources */,
			);
			runOnlyForDeploymentPostprocessing = 0;
		};
		562A9CF91AA17D7900BDEBA6 /* Sources */ = {
			isa = PBXSourcesBuildPhase;
			buildActionMask = 2147483647;
			files = (
				562A9D041AA17D7900BDEBA6 /* journeyTests.m in Sources */,
			);
			runOnlyForDeploymentPostprocessing = 0;
		};
/* End PBXSourcesBuildPhase section */

/* Begin PBXTargetDependency section */
		562A9CFF1AA17D7900BDEBA6 /* PBXTargetDependency */ = {
			isa = PBXTargetDependency;
			target = 562A9CE31AA17D7800BDEBA6 /* journey */;
			targetProxy = 562A9CFE1AA17D7900BDEBA6 /* PBXContainerItemProxy */;
		};
/* End PBXTargetDependency section */

/* Begin PBXVariantGroup section */
		562A9CF11AA17D7800BDEBA6 /* Main.storyboard */ = {
			isa = PBXVariantGroup;
			children = (
				562A9CF21AA17D7800BDEBA6 /* Base */,
			);
			name = Main.storyboard;
			sourceTree = "<group>";
		};
		562A9CF61AA17D7800BDEBA6 /* LaunchScreen.xib */ = {
			isa = PBXVariantGroup;
			children = (
				562A9CF71AA17D7800BDEBA6 /* Base */,
			);
			name = LaunchScreen.xib;
			sourceTree = "<group>";
		};
/* End PBXVariantGroup section */

/* Begin XCBuildConfiguration section */
		562A9D051AA17D7900BDEBA6 /* Debug */ = {
			isa = XCBuildConfiguration;
			buildSettings = {
				ALWAYS_SEARCH_USER_PATHS = NO;
				CLANG_CXX_LANGUAGE_STANDARD = "gnu++0x";
				CLANG_CXX_LIBRARY = "libc++";
				CLANG_ENABLE_MODULES = YES;
				CLANG_ENABLE_OBJC_ARC = YES;
				CLANG_WARN_BOOL_CONVERSION = YES;
				CLANG_WARN_CONSTANT_CONVERSION = YES;
				CLANG_WARN_DIRECT_OBJC_ISA_USAGE = YES_ERROR;
				CLANG_WARN_EMPTY_BODY = YES;
				CLANG_WARN_ENUM_CONVERSION = YES;
				CLANG_WARN_INT_CONVERSION = YES;
				CLANG_WARN_OBJC_ROOT_CLASS = YES_ERROR;
				CLANG_WARN_UNREACHABLE_CODE = YES;
				CLANG_WARN__DUPLICATE_METHOD_MATCH = YES;
				"CODE_SIGN_IDENTITY[sdk=iphoneos*]" = "iPhone Developer";
				COPY_PHASE_STRIP = NO;
				ENABLE_STRICT_OBJC_MSGSEND = YES;
				GCC_C_LANGUAGE_STANDARD = gnu99;
				GCC_DYNAMIC_NO_PIC = NO;
				GCC_OPTIMIZATION_LEVEL = 0;
				GCC_PREPROCESSOR_DEFINITIONS = (
					"DEBUG=1",
					"$(inherited)",
				);
				GCC_SYMBOLS_PRIVATE_EXTERN = NO;
				GCC_WARN_64_TO_32_BIT_CONVERSION = YES;
				GCC_WARN_ABOUT_RETURN_TYPE = YES_ERROR;
				GCC_WARN_UNDECLARED_SELECTOR = YES;
				GCC_WARN_UNINITIALIZED_AUTOS = YES_AGGRESSIVE;
				GCC_WARN_UNUSED_FUNCTION = YES;
				GCC_WARN_UNUSED_VARIABLE = YES;
				IPHONEOS_DEPLOYMENT_TARGET = 8.1;
				MTL_ENABLE_DEBUG_INFO = YES;
				ONLY_ACTIVE_ARCH = YES;
				SDKROOT = iphoneos;
				TARGETED_DEVICE_FAMILY = "1,2";
			};
			name = Debug;
		};
		562A9D061AA17D7900BDEBA6 /* Release */ = {
			isa = XCBuildConfiguration;
			buildSettings = {
				ALWAYS_SEARCH_USER_PATHS = NO;
				CLANG_CXX_LANGUAGE_STANDARD = "gnu++0x";
				CLANG_CXX_LIBRARY = "libc++";
				CLANG_ENABLE_MODULES = YES;
				CLANG_ENABLE_OBJC_ARC = YES;
				CLANG_WARN_BOOL_CONVERSION = YES;
				CLANG_WARN_CONSTANT_CONVERSION = YES;
				CLANG_WARN_DIRECT_OBJC_ISA_USAGE = YES_ERROR;
				CLANG_WARN_EMPTY_BODY = YES;
				CLANG_WARN_ENUM_CONVERSION = YES;
				CLANG_WARN_INT_CONVERSION = YES;
				CLANG_WARN_OBJC_ROOT_CLASS = YES_ERROR;
				CLANG_WARN_UNREACHABLE_CODE = YES;
				CLANG_WARN__DUPLICATE_METHOD_MATCH = YES;
				"CODE_SIGN_IDENTITY[sdk=iphoneos*]" = "iPhone Developer";
				COPY_PHASE_STRIP = YES;
				ENABLE_NS_ASSERTIONS = NO;
				ENABLE_STRICT_OBJC_MSGSEND = YES;
				GCC_C_LANGUAGE_STANDARD = gnu99;
				GCC_WARN_64_TO_32_BIT_CONVERSION = YES;
				GCC_WARN_ABOUT_RETURN_TYPE = YES_ERROR;
				GCC_WARN_UNDECLARED_SELECTOR = YES;
				GCC_WARN_UNINITIALIZED_AUTOS = YES_AGGRESSIVE;
				GCC_WARN_UNUSED_FUNCTION = YES;
				GCC_WARN_UNUSED_VARIABLE = YES;
				IPHONEOS_DEPLOYMENT_TARGET = 8.1;
				MTL_ENABLE_DEBUG_INFO = NO;
				SDKROOT = iphoneos;
				TARGETED_DEVICE_FAMILY = "1,2";
				VALIDATE_PRODUCT = YES;
			};
			name = Release;
		};
		562A9D081AA17D7900BDEBA6 /* Debug */ = {
			isa = XCBuildConfiguration;
			buildSettings = {
				ASSETCATALOG_COMPILER_APPICON_NAME = AppIcon;
				FRAMEWORK_SEARCH_PATHS = (
					"$(inherited)",
					"$(PROJECT_DIR)/parse-library-1.6.3",
				);
				INFOPLIST_FILE = journey/Info.plist;
				LD_RUNPATH_SEARCH_PATHS = "$(inherited) @executable_path/Frameworks";
				PRODUCT_NAME = "$(TARGET_NAME)";
			};
			name = Debug;
		};
		562A9D091AA17D7900BDEBA6 /* Release */ = {
			isa = XCBuildConfiguration;
			buildSettings = {
				ASSETCATALOG_COMPILER_APPICON_NAME = AppIcon;
				FRAMEWORK_SEARCH_PATHS = (
					"$(inherited)",
					"$(PROJECT_DIR)/parse-library-1.6.3",
				);
				INFOPLIST_FILE = journey/Info.plist;
				LD_RUNPATH_SEARCH_PATHS = "$(inherited) @executable_path/Frameworks";
				PRODUCT_NAME = "$(TARGET_NAME)";
			};
			name = Release;
		};
		562A9D0B1AA17D7900BDEBA6 /* Debug */ = {
			isa = XCBuildConfiguration;
			buildSettings = {
				BUNDLE_LOADER = "$(TEST_HOST)";
				FRAMEWORK_SEARCH_PATHS = (
					"$(SDKROOT)/Developer/Library/Frameworks",
					"$(inherited)",
				);
				GCC_PREPROCESSOR_DEFINITIONS = (
					"DEBUG=1",
					"$(inherited)",
				);
				INFOPLIST_FILE = journeyTests/Info.plist;
				LD_RUNPATH_SEARCH_PATHS = "$(inherited) @executable_path/Frameworks @loader_path/Frameworks";
				PRODUCT_NAME = "$(TARGET_NAME)";
				TEST_HOST = "$(BUILT_PRODUCTS_DIR)/journey.app/journey";
			};
			name = Debug;
		};
		562A9D0C1AA17D7900BDEBA6 /* Release */ = {
			isa = XCBuildConfiguration;
			buildSettings = {
				BUNDLE_LOADER = "$(TEST_HOST)";
				FRAMEWORK_SEARCH_PATHS = (
					"$(SDKROOT)/Developer/Library/Frameworks",
					"$(inherited)",
				);
				INFOPLIST_FILE = journeyTests/Info.plist;
				LD_RUNPATH_SEARCH_PATHS = "$(inherited) @executable_path/Frameworks @loader_path/Frameworks";
				PRODUCT_NAME = "$(TARGET_NAME)";
				TEST_HOST = "$(BUILT_PRODUCTS_DIR)/journey.app/journey";
			};
			name = Release;
		};
/* End XCBuildConfiguration section */

/* Begin XCConfigurationList section */
		562A9CDF1AA17D7800BDEBA6 /* Build configuration list for PBXProject "journey" */ = {
			isa = XCConfigurationList;
			buildConfigurations = (
				562A9D051AA17D7900BDEBA6 /* Debug */,
				562A9D061AA17D7900BDEBA6 /* Release */,
			);
			defaultConfigurationIsVisible = 0;
			defaultConfigurationName = Release;
		};
		562A9D071AA17D7900BDEBA6 /* Build configuration list for PBXNativeTarget "journey" */ = {
			isa = XCConfigurationList;
			buildConfigurations = (
				562A9D081AA17D7900BDEBA6 /* Debug */,
				562A9D091AA17D7900BDEBA6 /* Release */,
			);
			defaultConfigurationIsVisible = 0;
			defaultConfigurationName = Release;
		};
		562A9D0A1AA17D7900BDEBA6 /* Build configuration list for PBXNativeTarget "journeyTests" */ = {
			isa = XCConfigurationList;
			buildConfigurations = (
				562A9D0B1AA17D7900BDEBA6 /* Debug */,
				562A9D0C1AA17D7900BDEBA6 /* Release */,
			);
			defaultConfigurationIsVisible = 0;
			defaultConfigurationName = Release;
		};
/* End XCConfigurationList section */
	};
	rootObject = 562A9CDC1AA17D7800BDEBA6 /* Project object */;
}
